
Microsoft Visual Studio Solution File, Format Version 12.00
# Visual Studio Version 17
VisualStudioVersion = 17.3.32804.467
MinimumVisualStudioVersion = 10.0.40219.1
Project("{FAE04EC0-301F-11D3-BF4B-00C04F79EFBC}") = "ROASApp.Data.IO", "ROASApp.Data.IO\ROASApp.Data.IO.csproj", "{FEC05C46-3BB8-4D7B-A080-CF7AF76A08BC}"
EndProject
Project("{FAE04EC0-301F-11D3-BF4B-00C04F79EFBC}") = "ROASApp.Domain", "ROASApp.Domain\ROASApp.Domain.csproj", "{1E713693-42B6-46EC-B187-77F779D8B1F5}"
EndProject
Project("{FAE04EC0-301F-11D3-BF4B-00C04F79EFBC}") = "ROASApp.Presentation.ConsoleUI", "ROASApp.Presentation.ConsoleUI\ROASApp.Presentation.ConsoleUI.csproj", "{4691466F-2931-4EBD-9B49-F53F2F63A61C}"
EndProject
Global
	GlobalSection(SolutionConfigurationPlatforms) = preSolution
		Debug|Any CPU = Debug|Any CPU
		Release|Any CPU = Release|Any CPU
	EndGlobalSection
	GlobalSection(ProjectConfigurationPlatforms) = postSolution
		{FEC05C46-3BB8-4D7B-A080-CF7AF76A08BC}.Debug|Any CPU.ActiveCfg = Debug|Any CPU
		{FEC05C46-3BB8-4D7B-A080-CF7AF76A08BC}.Debug|Any CPU.Build.0 = Debug|Any CPU
		{FEC05C46-3BB8-4D7B-A080-CF7AF76A08BC}.Release|Any CPU.ActiveCfg = Release|Any CPU
		{FEC05C46-3BB8-4D7B-A080-CF7AF76A08BC}.Release|Any CPU.Build.0 = Release|Any CPU
		{1E713693-42B6-46EC-B187-77F779D8B1F5}.Debug|Any CPU.ActiveCfg = Debug|Any CPU
		{1E713693-42B6-46EC-B187-77F779D8B1F5}.Debug|Any CPU.Build.0 = Debug|Any CPU
		{1E713693-42B6-46EC-B187-77F779D8B1F5}.Release|Any CPU.ActiveCfg = Release|Any CPU
		{1E713693-42B6-46EC-B187-77F779D8B1F5}.Release|Any CPU.Build.0 = Release|Any CPU
		{4691466F-2931-4EBD-9B49-F53F2F63A61C}.Debug|Any CPU.ActiveCfg = Debug|Any CPU
		{4691466F-2931-4EBD-9B49-F53F2F63A61C}.Debug|Any CPU.Build.0 = Debug|Any CPU
		{4691466F-2931-4EBD-9B49-F53F2F63A61C}.Release|Any CPU.ActiveCfg = Release|Any CPU
		{4691466F-2931-4EBD-9B49-F53F2F63A61C}.Release|Any CPU.Build.0 = Release|Any CPU
	EndGlobalSection
	GlobalSection(SolutionProperties) = preSolution
		HideSolutionNode = FALSE
	EndGlobalSection
	GlobalSection(ExtensibilityGlobals) = postSolution
		SolutionGuid = {A2CF25CE-B876-48E4-ABF2-94575C9E6997}
	EndGlobalSection
EndGlobal
